GEM
  remote: http://rubygems.org/
  specs:
    crack (0.1.8)
    git (1.2.5)
    httparty (0.7.8)
      crack (= 0.1.8)
    jeweler (1.6.4)
      bundler (~> 1.0)
      git (>= 1.2.5)
      rake
    multi_json (1.0.3)
    rake (0.9.2)
    rcov (0.9.11)
    shoulda (2.11.3)

PLATFORMS
  ruby

DEPENDENCIES
  bundler (~> 1.0.0)
  httparty
  jeweler (~> 1.6.4)
  multi_json
  rcov
  shoulda
